
Microsoft Visual Studio Solution File, Format Version 12.00
# Visual Studio Version 17
VisualStudioVersion = 17.7.34221.43
MinimumVisualStudioVersion = 10.0.40219.1
Project("{FAE04EC0-301F-11D3-BF4B-00C04F79EFBC}") = "SelectBD", "SelectBD\SelectBD.csproj", "{01F70782-F5E5-4C69-99EC-9F15C1E6A32D}"
EndProject
Global
	GlobalSection(SolutionConfigurationPlatforms) = preSolution
		Debug|Any CPU = Debug|Any CPU
		Release|Any CPU = Release|Any CPU
	EndGlobalSection
	GlobalSection(ProjectConfigurationPlatforms) = postSolution
		{01F70782-F5E5-4C69-99EC-9F15C1E6A32D}.Debug|Any CPU.ActiveCfg = Debug|Any CPU
		{01F70782-F5E5-4C69-99EC-9F15C1E6A32D}.Debug|Any CPU.Build.0 = Debug|Any CPU
		{01F70782-F5E5-4C69-99EC-9F15C1E6A32D}.Release|Any CPU.ActiveCfg = Release|Any CPU
		{01F70782-F5E5-4C69-99EC-9F15C1E6A32D}.Release|Any CPU.Build.0 = Release|Any CPU
	EndGlobalSection
	GlobalSection(SolutionProperties) = preSolution
		HideSolutionNode = FALSE
	EndGlobalSection
	GlobalSection(ExtensibilityGlobals) = postSolution
		SolutionGuid = {FC8F48B3-B25C-4EF8-BD19-AD36C8F2DD96}
	EndGlobalSection
EndGlobal
